
Microsoft Visual Studio Solution File, Format Version 12.00
Project("{FAE04EC0-301F-11D3-BF4B-00C04F79EFBC}") = "TestAPBD", "TestAPBD\TestAPBD.csproj", "{5D249BD9-71C6-41F6-BA40-3C4B18A35981}"
EndProject
Global
	GlobalSection(SolutionConfigurationPlatforms) = preSolution
		Debug|Any CPU = Debug|Any CPU
		Release|Any CPU = Release|Any CPU
	EndGlobalSection
	GlobalSection(ProjectConfigurationPlatforms) = postSolution
		{5D249BD9-71C6-41F6-BA40-3C4B18A35981}.Debug|Any CPU.ActiveCfg = Debug|Any CPU
		{5D249BD9-71C6-41F6-BA40-3C4B18A35981}.Debug|Any CPU.Build.0 = Debug|Any CPU
		{5D249BD9-71C6-41F6-BA40-3C4B18A35981}.Release|Any CPU.ActiveCfg = Release|Any CPU
		{5D249BD9-71C6-41F6-BA40-3C4B18A35981}.Release|Any CPU.Build.0 = Release|Any CPU
	EndGlobalSection
EndGlobal
